
Microsoft Visual Studio Solution File, Format Version 12.00
# Visual Studio Version 17
VisualStudioVersion = 17.9.34728.123
MinimumVisualStudioVersion = 10.0.40219.1
Project("{FAE04EC0-301F-11D3-BF4B-00C04F79EFBC}") = "SparklingMVC", "SparklingMVC\SparklingMVC.csproj", "{068D5132-1DAD-49D0-B51D-CBC3E2D5D323}"
EndProject
Global
	GlobalSection(SolutionConfigurationPlatforms) = preSolution
		Debug|Any CPU = Debug|Any CPU
		Release|Any CPU = Release|Any CPU
	EndGlobalSection
	GlobalSection(ProjectConfigurationPlatforms) = postSolution
		{068D5132-1DAD-49D0-B51D-CBC3E2D5D323}.Debug|Any CPU.ActiveCfg = Debug|Any CPU
		{068D5132-1DAD-49D0-B51D-CBC3E2D5D323}.Debug|Any CPU.Build.0 = Debug|Any CPU
		{068D5132-1DAD-49D0-B51D-CBC3E2D5D323}.Release|Any CPU.ActiveCfg = Release|Any CPU
		{068D5132-1DAD-49D0-B51D-CBC3E2D5D323}.Release|Any CPU.Build.0 = Release|Any CPU
	EndGlobalSection
	GlobalSection(SolutionProperties) = preSolution
		HideSolutionNode = FALSE
	EndGlobalSection
	GlobalSection(ExtensibilityGlobals) = postSolution
		SolutionGuid = {BFE586D1-A786-4565-9211-33D99986D175}
	EndGlobalSection
EndGlobal
